// !$*UTF8*$!
{
	archiveVersion = 1;
	classes = {
	};
	objectVersion = 50;
	objects = {

/* Begin PBXBuildFile section */
		8CE2C75824DD8EF000E0F253 /* AppDelegate.swift in Sources */ = {isa = PBXBuildFile; fileRef = 8CE2C75724DD8EF000E0F253 /* AppDelegate.swift */; };
		8CE2C75A24DD8EF000E0F253 /* SceneDelegate.swift in Sources */ = {isa = PBXBuildFile; fileRef = 8CE2C75924DD8EF000E0F253 /* SceneDelegate.swift */; };
		8CE2C75C24DD8EF000E0F253 /* ViewController.swift in Sources */ = {isa = PBXBuildFile; fileRef = 8CE2C75B24DD8EF000E0F253 /* ViewController.swift */; };
		8CE2C75F24DD8EF000E0F253 /* Main.storyboard in Resources */ = {isa = PBXBuildFile; fileRef = 8CE2C75D24DD8EF000E0F253 /* Main.storyboard */; };
		8CE2C76124DD8EF000E0F253 /* Assets.xcassets in Resources */ = {isa = PBXBuildFile; fileRef = 8CE2C76024DD8EF000E0F253 /* Assets.xcassets */; };
		8CE2C76424DD8EF000E0F253 /* LaunchScreen.storyboard in Resources */ = {isa = PBXBuildFile; fileRef = 8CE2C76224DD8EF000E0F253 /* LaunchScreen.storyboard */; };
		8CE2C76F24DD8EF100E0F253 /* GenericFormTests.swift in Sources */ = {isa = PBXBuildFile; fileRef = 8CE2C76E24DD8EF100E0F253 /* GenericFormTests.swift */; };
		8CE2C77A24DD8EF100E0F253 /* GenericFormUITests.swift in Sources */ = {isa = PBXBuildFile; fileRef = 8CE2C77924DD8EF100E0F253 /* GenericFormUITests.swift */; };
		8CE2C78824DD8F2000E0F253 /* Validators.swift in Sources */ = {isa = PBXBuildFile; fileRef = 8CE2C78724DD8F2000E0F253 /* Validators.swift */; };
		8CE2C78A24DD8F5900E0F253 /* NSRegularExpression+GenericForm.swift in Sources */ = {isa = PBXBuildFile; fileRef = 8CE2C78924DD8F5900E0F253 /* NSRegularExpression+GenericForm.swift */; };
		8CE2C78C24DD902C00E0F253 /* String+GenericForm.swift in Sources */ = {isa = PBXBuildFile; fileRef = 8CE2C78B24DD902C00E0F253 /* String+GenericForm.swift */; };
		8CE2C78E24DD907700E0F253 /* FormTextField.swift in Sources */ = {isa = PBXBuildFile; fileRef = 8CE2C78D24DD907700E0F253 /* FormTextField.swift */; };
		8CE2C79124DD923900E0F253 /* UIColor+GenericForm.swift in Sources */ = {isa = PBXBuildFile; fileRef = 8CE2C79024DD923900E0F253 /* UIColor+GenericForm.swift */; };
/* End PBXBuildFile section */

/* Begin PBXContainerItemProxy section */
		8CE2C76B24DD8EF100E0F253 /* PBXContainerItemProxy */ = {
			isa = PBXContainerItemProxy;
			containerPortal = 8CE2C74C24DD8EF000E0F253 /* Project object */;
			proxyType = 1;
			remoteGlobalIDString = 8CE2C75324DD8EF000E0F253;
			remoteInfo = GenericForm;
		};
		8CE2C77624DD8EF100E0F253 /* PBXContainerItemProxy */ = {
			isa = PBXContainerItemProxy;
			containerPortal = 8CE2C74C24DD8EF000E0F253 /* Project object */;
			proxyType = 1;
			remoteGlobalIDString = 8CE2C75324DD8EF000E0F253;
			remoteInfo = GenericForm;
		};
/* End PBXContainerItemProxy section */

/* Begin PBXFileReference section */
		8CE2C75424DD8EF000E0F253 /* GenericForm.app */ = {isa = PBXFileReference; explicitFileType = wrapper.application; includeInIndex = 0; path = GenericForm.app; sourceTree = BUILT_PRODUCTS_DIR; };
		8CE2C75724DD8EF000E0F253 /* AppDelegate.swift */ = {isa = PBXFileReference; lastKnownFileType = sourcecode.swift; path = AppDelegate.swift; sourceTree = "<group>"; };
		8CE2C75924DD8EF000E0F253 /* SceneDelegate.swift */ = {isa = PBXFileReference; lastKnownFileType = sourcecode.swift; path = SceneDelegate.swift; sourceTree = "<group>"; };
		8CE2C75B24DD8EF000E0F253 /* ViewController.swift */ = {isa = PBXFileReference; lastKnownFileType = sourcecode.swift; path = ViewController.swift; sourceTree = "<group>"; };
		8CE2C75E24DD8EF000E0F253 /* Base */ = {isa = PBXFileReference; lastKnownFileType = file.storyboard; name = Base; path = Base.lproj/Main.storyboard; sourceTree = "<group>"; };
		8CE2C76024DD8EF000E0F253 /* Assets.xcassets */ = {isa = PBXFileReference; lastKnownFileType = folder.assetcatalog; path = Assets.xcassets; sourceTree = "<group>"; };
		8CE2C76324DD8EF000E0F253 /* Base */ = {isa = PBXFileReference; lastKnownFileType = file.storyboard; name = Base; path = Base.lproj/LaunchScreen.storyboard; sourceTree = "<group>"; };
		8CE2C76524DD8EF000E0F253 /* Info.plist */ = {isa = PBXFileReference; lastKnownFileType = text.plist.xml; path = Info.plist; sourceTree = "<group>"; };
		8CE2C76A24DD8EF100E0F253 /* GenericFormTests.xctest */ = {isa = PBXFileReference; explicitFileType = wrapper.cfbundle; includeInIndex = 0; path = GenericFormTests.xctest; sourceTree = BUILT_PRODUCTS_DIR; };
		8CE2C76E24DD8EF100E0F253 /* GenericFormTests.swift */ = {isa = PBXFileReference; lastKnownFileType = sourcecode.swift; path = GenericFormTests.swift; sourceTree = "<group>"; };
		8CE2C77024DD8EF100E0F253 /* Info.plist */ = {isa = PBXFileReference; lastKnownFileType = text.plist.xml; path = Info.plist; sourceTree = "<group>"; };
		8CE2C77524DD8EF100E0F253 /* GenericFormUITests.xctest */ = {isa = PBXFileReference; explicitFileType = wrapper.cfbundle; includeInIndex = 0; path = GenericFormUITests.xctest; sourceTree = BUILT_PRODUCTS_DIR; };
		8CE2C77924DD8EF100E0F253 /* GenericFormUITests.swift */ = {isa = PBXFileReference; lastKnownFileType = sourcecode.swift; path = GenericFormUITests.swift; sourceTree = "<group>"; };
		8CE2C77B24DD8EF100E0F253 /* Info.plist */ = {isa = PBXFileReference; lastKnownFileType = text.plist.xml; path = Info.plist; sourceTree = "<group>"; };
		8CE2C78724DD8F2000E0F253 /* Validators.swift */ = {isa = PBXFileReference; lastKnownFileType = sourcecode.swift; path = Validators.swift; sourceTree = "<group>"; };
		8CE2C78924DD8F5900E0F253 /* NSRegularExpression+GenericForm.swift */ = {isa = PBXFileReference; lastKnownFileType = sourcecode.swift; path = "NSRegularExpression+GenericForm.swift"; sourceTree = "<group>"; };
		8CE2C78B24DD902C00E0F253 /* String+GenericForm.swift */ = {isa = PBXFileReference; lastKnownFileType = sourcecode.swift; path = "String+GenericForm.swift"; sourceTree = "<group>"; };
		8CE2C78D24DD907700E0F253 /* FormTextField.swift */ = {isa = PBXFileReference; lastKnownFileType = sourcecode.swift; path = FormTextField.swift; sourceTree = "<group>"; };
		8CE2C79024DD923900E0F253 /* UIColor+GenericForm.swift */ = {isa = PBXFileReference; lastKnownFileType = sourcecode.swift; path = "UIColor+GenericForm.swift"; sourceTree = "<group>"; };
/* End PBXFileReference section */

/* Begin PBXFrameworksBuildPhase section */
		8CE2C75124DD8EF000E0F253 /* Frameworks */ = {
			isa = PBXFrameworksBuildPhase;
			buildActionMask = 2147483647;
			files = (
			);
			runOnlyForDeploymentPostprocessing = 0;
		};
		8CE2C76724DD8EF100E0F253 /* Frameworks */ = {
			isa = PBXFrameworksBuildPhase;
			buildActionMask = 2147483647;
			files = (
			);
			runOnlyForDeploymentPostprocessing = 0;
		};
		8CE2C77224DD8EF100E0F253 /* Frameworks */ = {
			isa = PBXFrameworksBuildPhase;
			buildActionMask = 2147483647;
			files = (
			);
			runOnlyForDeploymentPostprocessing = 0;
		};
/* End PBXFrameworksBuildPhase section */

/* Begin PBXGroup section */
		8CE2C74B24DD8EF000E0F253 = {
			isa = PBXGroup;
			children = (
				8CE2C75624DD8EF000E0F253 /* GenericForm */,
				8CE2C76D24DD8EF100E0F253 /* GenericFormTests */,
				8CE2C77824DD8EF100E0F253 /* GenericFormUITests */,
				8CE2C75524DD8EF000E0F253 /* Products */,
			);
			sourceTree = "<group>";
		};
		8CE2C75524DD8EF000E0F253 /* Products */ = {
			isa = PBXGroup;
			children = (
				8CE2C75424DD8EF000E0F253 /* GenericForm.app */,
				8CE2C76A24DD8EF100E0F253 /* GenericFormTests.xctest */,
				8CE2C77524DD8EF100E0F253 /* GenericFormUITests.xctest */,
			);
			name = Products;
			sourceTree = "<group>";
		};
		8CE2C75624DD8EF000E0F253 /* GenericForm */ = {
			isa = PBXGroup;
			children = (
				8CE2C78F24DD922500E0F253 /* Utils */,
				8CE2C75724DD8EF000E0F253 /* AppDelegate.swift */,
				8CE2C75924DD8EF000E0F253 /* SceneDelegate.swift */,
				8CE2C75B24DD8EF000E0F253 /* ViewController.swift */,
				8CE2C75D24DD8EF000E0F253 /* Main.storyboard */,
				8CE2C76024DD8EF000E0F253 /* Assets.xcassets */,
				8CE2C76224DD8EF000E0F253 /* LaunchScreen.storyboard */,
				8CE2C76524DD8EF000E0F253 /* Info.plist */,
				8CE2C78724DD8F2000E0F253 /* Validators.swift */,
				8CE2C78D24DD907700E0F253 /* FormTextField.swift */,
			);
			path = GenericForm;
			sourceTree = "<group>";
		};
		8CE2C76D24DD8EF100E0F253 /* GenericFormTests */ = {
			isa = PBXGroup;
			children = (
				8CE2C76E24DD8EF100E0F253 /* GenericFormTests.swift */,
				8CE2C77024DD8EF100E0F253 /* Info.plist */,
			);
			path = GenericFormTests;
			sourceTree = "<group>";
		};
		8CE2C77824DD8EF100E0F253 /* GenericFormUITests */ = {
			isa = PBXGroup;
			children = (
				8CE2C77924DD8EF100E0F253 /* GenericFormUITests.swift */,
				8CE2C77B24DD8EF100E0F253 /* Info.plist */,
			);
			path = GenericFormUITests;
			sourceTree = "<group>";
		};
		8CE2C78F24DD922500E0F253 /* Utils */ = {
			isa = PBXGroup;
			children = (
				8CE2C78924DD8F5900E0F253 /* NSRegularExpression+GenericForm.swift */,
				8CE2C78B24DD902C00E0F253 /* String+GenericForm.swift */,
				8CE2C79024DD923900E0F253 /* UIColor+GenericForm.swift */,
			);
			path = Utils;
			sourceTree = "<group>";
		};
/* End PBXGroup section */

/* Begin PBXNativeTarget section */
		8CE2C75324DD8EF000E0F253 /* GenericForm */ = {
			isa = PBXNativeTarget;
			buildConfigurationList = 8CE2C77E24DD8EF100E0F253 /* Build configuration list for PBXNativeTarget "GenericForm" */;
			buildPhases = (
				8CE2C75024DD8EF000E0F253 /* Sources */,
				8CE2C75124DD8EF000E0F253 /* Frameworks */,
				8CE2C75224DD8EF000E0F253 /* Resources */,
			);
			buildRules = (
			);
			dependencies = (
			);
			name = GenericForm;
			productName = GenericForm;
			productReference = 8CE2C75424DD8EF000E0F253 /* GenericForm.app */;
			productType = "com.apple.product-type.application";
		};
		8CE2C76924DD8EF100E0F253 /* GenericFormTests */ = {
			isa = PBXNativeTarget;
			buildConfigurationList = 8CE2C78124DD8EF100E0F253 /* Build configuration list for PBXNativeTarget "GenericFormTests" */;
			buildPhases = (
				8CE2C76624DD8EF100E0F253 /* Sources */,
				8CE2C76724DD8EF100E0F253 /* Frameworks */,
				8CE2C76824DD8EF100E0F253 /* Resources */,
			);
			buildRules = (
			);
			dependencies = (
				8CE2C76C24DD8EF100E0F253 /* PBXTargetDependency */,
			);
			name = GenericFormTests;
			productName = GenericFormTests;
			productReference = 8CE2C76A24DD8EF100E0F253 /* GenericFormTests.xctest */;
			productType = "com.apple.product-type.bundle.unit-test";
		};
		8CE2C77424DD8EF100E0F253 /* GenericFormUITests */ = {
			isa = PBXNativeTarget;
			buildConfigurationList = 8CE2C78424DD8EF100E0F253 /* Build configuration list for PBXNativeTarget "GenericFormUITests" */;
			buildPhases = (
				8CE2C77124DD8EF100E0F253 /* Sources */,
				8CE2C77224DD8EF100E0F253 /* Frameworks */,
				8CE2C77324DD8EF100E0F253 /* Resources */,
			);
			buildRules = (
			);
			dependencies = (
				8CE2C77724DD8EF100E0F253 /* PBXTargetDependency */,
			);
			name = GenericFormUITests;
			productName = GenericFormUITests;
			productReference = 8CE2C77524DD8EF100E0F253 /* GenericFormUITests.xctest */;
			productType = "com.apple.product-type.bundle.ui-testing";
		};
/* End PBXNativeTarget section */

/* Begin PBXProject section */
		8CE2C74C24DD8EF000E0F253 /* Project object */ = {
			isa = PBXProject;
			attributes = {
				LastSwiftUpdateCheck = 1150;
				LastUpgradeCheck = 1150;
				ORGANIZATIONNAME = "Benjamin LORENZI";
				TargetAttributes = {
					8CE2C75324DD8EF000E0F253 = {
						CreatedOnToolsVersion = 11.5;
					};
					8CE2C76924DD8EF100E0F253 = {
						CreatedOnToolsVersion = 11.5;
						TestTargetID = 8CE2C75324DD8EF000E0F253;
					};
					8CE2C77424DD8EF100E0F253 = {
						CreatedOnToolsVersion = 11.5;
						TestTargetID = 8CE2C75324DD8EF000E0F253;
					};
				};
			};
			buildConfigurationList = 8CE2C74F24DD8EF000E0F253 /* Build configuration list for PBXProject "GenericForm" */;
			compatibilityVersion = "Xcode 9.3";
			developmentRegion = en;
			hasScannedForEncodings = 0;
			knownRegions = (
				en,
				Base,
			);
			mainGroup = 8CE2C74B24DD8EF000E0F253;
			productRefGroup = 8CE2C75524DD8EF000E0F253 /* Products */;
			projectDirPath = "";
			projectRoot = "";
			targets = (
				8CE2C75324DD8EF000E0F253 /* GenericForm */,
				8CE2C76924DD8EF100E0F253 /* GenericFormTests */,
				8CE2C77424DD8EF100E0F253 /* GenericFormUITests */,
			);
		};
/* End PBXProject section */

/* Begin PBXResourcesBuildPhase section */
		8CE2C75224DD8EF000E0F253 /* Resources */ = {
			isa = PBXResourcesBuildPhase;
			buildActionMask = 2147483647;
			files = (
				8CE2C76424DD8EF000E0F253 /* LaunchScreen.storyboard in Resources */,
				8CE2C76124DD8EF000E0F253 /* Assets.xcassets in Resources */,
				8CE2C75F24DD8EF000E0F253 /* Main.storyboard in Resources */,
			);
			runOnlyForDeploymentPostprocessing = 0;
		};
		8CE2C76824DD8EF100E0F253 /* Resources */ = {
			isa = PBXResourcesBuildPhase;
			buildActionMask = 2147483647;
			files = (
			);
			runOnlyForDeploymentPostprocessing = 0;
		};
		8CE2C77324DD8EF100E0F253 /* Resources */ = {
			isa = PBXResourcesBuildPhase;
			buildActionMask = 2147483647;
			files = (
			);
			runOnlyForDeploymentPostprocessing = 0;
		};
/* End PBXResourcesBuildPhase section */

/* Begin PBXSourcesBuildPhase section */
		8CE2C75024DD8EF000E0F253 /* Sources */ = {
			isa = PBXSourcesBuildPhase;
			buildActionMask = 2147483647;
			files = (
				8CE2C78A24DD8F5900E0F253 /* NSRegularExpression+GenericForm.swift in Sources */,
				8CE2C78824DD8F2000E0F253 /* Validators.swift in Sources */,
				8CE2C78C24DD902C00E0F253 /* String+GenericForm.swift in Sources */,
				8CE2C78E24DD907700E0F253 /* FormTextField.swift in Sources */,
				8CE2C75C24DD8EF000E0F253 /* ViewController.swift in Sources */,
				8CE2C79124DD923900E0F253 /* UIColor+GenericForm.swift in Sources */,
				8CE2C75824DD8EF000E0F253 /* AppDelegate.swift in Sources */,
				8CE2C75A24DD8EF000E0F253 /* SceneDelegate.swift in Sources */,
			);
			runOnlyForDeploymentPostprocessing = 0;
		};
		8CE2C76624DD8EF100E0F253 /* Sources */ = {
			isa = PBXSourcesBuildPhase;
			buildActionMask = 2147483647;
			files = (
				8CE2C76F24DD8EF100E0F253 /* GenericFormTests.swift in Sources */,
			);
			runOnlyForDeploymentPostprocessing = 0;
		};
		8CE2C77124DD8EF100E0F253 /* Sources */ = {
			isa = PBXSourcesBuildPhase;
			buildActionMask = 2147483647;
			files = (
				8CE2C77A24DD8EF100E0F253 /* GenericFormUITests.swift in Sources */,
			);
			runOnlyForDeploymentPostprocessing = 0;
		};
/* End PBXSourcesBuildPhase section */

/* Begin PBXTargetDependency section */
		8CE2C76C24DD8EF100E0F253 /* PBXTargetDependency */ = {
			isa = PBXTargetDependency;
			target = 8CE2C75324DD8EF000E0F253 /* GenericForm */;
			targetProxy = 8CE2C76B24DD8EF100E0F253 /* PBXContainerItemProxy */;
		};
		8CE2C77724DD8EF100E0F253 /* PBXTargetDependency */ = {
			isa = PBXTargetDependency;
			target = 8CE2C75324DD8EF000E0F253 /* GenericForm */;
			targetProxy = 8CE2C77624DD8EF100E0F253 /* PBXContainerItemProxy */;
		};
/* End PBXTargetDependency section */

/* Begin PBXVariantGroup section */
		8CE2C75D24DD8EF000E0F253 /* Main.storyboard */ = {
			isa = PBXVariantGroup;
			children = (
				8CE2C75E24DD8EF000E0F253 /* Base */,
			);
			name = Main.storyboard;
			sourceTree = "<group>";
		};
		8CE2C76224DD8EF000E0F253 /* LaunchScreen.storyboard */ = {
			isa = PBXVariantGroup;
			children = (
				8CE2C76324DD8EF000E0F253 /* Base */,
			);
			name = LaunchScreen.storyboard;
			sourceTree = "<group>";
		};
/* End PBXVariantGroup section */

/* Begin XCBuildConfiguration section */
		8CE2C77C24DD8EF100E0F253 /* Debug */ = {
			isa = XCBuildConfiguration;
			buildSettings = {
				ALWAYS_SEARCH_USER_PATHS = NO;
				CLANG_ANALYZER_NONNULL = YES;
				CLANG_ANALYZER_NUMBER_OBJECT_CONVERSION = YES_AGGRESSIVE;
				CLANG_CXX_LANGUAGE_STANDARD = "gnu++14";
				CLANG_CXX_LIBRARY = "libc++";
				CLANG_ENABLE_MODULES = YES;
				CLANG_ENABLE_OBJC_ARC = YES;
				CLANG_ENABLE_OBJC_WEAK = YES;
				CLANG_WARN_BLOCK_CAPTURE_AUTORELEASING = YES;
				CLANG_WARN_BOOL_CONVERSION = YES;
				CLANG_WARN_COMMA = YES;
				CLANG_WARN_CONSTANT_CONVERSION = YES;
				CLANG_WARN_DEPRECATED_OBJC_IMPLEMENTATIONS = YES;
				CLANG_WARN_DIRECT_OBJC_ISA_USAGE = YES_ERROR;
				CLANG_WARN_DOCUMENTATION_COMMENTS = YES;
				CLANG_WARN_EMPTY_BODY = YES;
				CLANG_WARN_ENUM_CONVERSION = YES;
				CLANG_WARN_INFINITE_RECURSION = YES;
				CLANG_WARN_INT_CONVERSION = YES;
				CLANG_WARN_NON_LITERAL_NULL_CONVERSION = YES;
				CLANG_WARN_OBJC_IMPLICIT_RETAIN_SELF = YES;
				CLANG_WARN_OBJC_LITERAL_CONVERSION = YES;
				CLANG_WARN_OBJC_ROOT_CLASS = YES_ERROR;
				CLANG_WARN_RANGE_LOOP_ANALYSIS = YES;
				CLANG_WARN_STRICT_PROTOTYPES = YES;
				CLANG_WARN_SUSPICIOUS_MOVE = YES;
				CLANG_WARN_UNGUARDED_AVAILABILITY = YES_AGGRESSIVE;
				CLANG_WARN_UNREACHABLE_CODE = YES;
				CLANG_WARN__DUPLICATE_METHOD_MATCH = YES;
				COPY_PHASE_STRIP = NO;
				DEBUG_INFORMATION_FORMAT = dwarf;
				ENABLE_STRICT_OBJC_MSGSEND = YES;
				ENABLE_TESTABILITY = YES;
				GCC_C_LANGUAGE_STANDARD = gnu11;
				GCC_DYNAMIC_NO_PIC = NO;
				GCC_NO_COMMON_BLOCKS = YES;
				GCC_OPTIMIZATION_LEVEL = 0;
				GCC_PREPROCESSOR_DEFINITIONS = (
					"DEBUG=1",
					"$(inherited)",
				);
				GCC_WARN_64_TO_32_BIT_CONVERSION = YES;
				GCC_WARN_ABOUT_RETURN_TYPE = YES_ERROR;
				GCC_WARN_UNDECLARED_SELECTOR = YES;
				GCC_WARN_UNINITIALIZED_AUTOS = YES_AGGRESSIVE;
				GCC_WARN_UNUSED_FUNCTION = YES;
				GCC_WARN_UNUSED_VARIABLE = YES;
				IPHONEOS_DEPLOYMENT_TARGET = 13.5;
				MTL_ENABLE_DEBUG_INFO = INCLUDE_SOURCE;
				MTL_FAST_MATH = YES;
				ONLY_ACTIVE_ARCH = YES;
				SDKROOT = iphoneos;
				SWIFT_ACTIVE_COMPILATION_CONDITIONS = DEBUG;
				SWIFT_OPTIMIZATION_LEVEL = "-Onone";
			};
			name = Debug;
		};
		8CE2C77D24DD8EF100E0F253 /* Release */ = {
			isa = XCBuildConfiguration;
			buildSettings = {
				ALWAYS_SEARCH_USER_PATHS = NO;
				CLANG_ANALYZER_NONNULL = YES;
				CLANG_ANALYZER_NUMBER_OBJECT_CONVERSION = YES_AGGRESSIVE;
				CLANG_CXX_LANGUAGE_STANDARD = "gnu++14";
				CLANG_CXX_LIBRARY = "libc++";
				CLANG_ENABLE_MODULES = YES;
				CLANG_ENABLE_OBJC_ARC = YES;
				CLANG_ENABLE_OBJC_WEAK = YES;
				CLANG_WARN_BLOCK_CAPTURE_AUTORELEASING = YES;
				CLANG_WARN_BOOL_CONVERSION = YES;
				CLANG_WARN_COMMA = YES;
				CLANG_WARN_CONSTANT_CONVERSION = YES;
				CLANG_WARN_DEPRECATED_OBJC_IMPLEMENTATIONS = YES;
				CLANG_WARN_DIRECT_OBJC_ISA_USAGE = YES_ERROR;
				CLANG_WARN_DOCUMENTATION_COMMENTS = YES;
				CLANG_WARN_EMPTY_BODY = YES;
				CLANG_WARN_ENUM_CONVERSION = YES;
				CLANG_WARN_INFINITE_RECURSION = YES;
				CLANG_WARN_INT_CONVERSION = YES;
				CLANG_WARN_NON_LITERAL_NULL_CONVERSION = YES;
				CLANG_WARN_OBJC_IMPLICIT_RETAIN_SELF = YES;
				CLANG_WARN_OBJC_LITERAL_CONVERSION = YES;
				CLANG_WARN_OBJC_ROOT_CLASS = YES_ERROR;
				CLANG_WARN_RANGE_LOOP_ANALYSIS = YES;
				CLANG_WARN_STRICT_PROTOTYPES = YES;
				CLANG_WARN_SUSPICIOUS_MOVE = YES;
				CLANG_WARN_UNGUARDED_AVAILABILITY = YES_AGGRESSIVE;
				CLANG_WARN_UNREACHABLE_CODE = YES;
				CLANG_WARN__DUPLICATE_METHOD_MATCH = YES;
				COPY_PHASE_STRIP = NO;
				DEBUG_INFORMATION_FORMAT = "dwarf-with-dsym";
				ENABLE_NS_ASSERTIONS = NO;
				ENABLE_STRICT_OBJC_MSGSEND = YES;
				GCC_C_LANGUAGE_STANDARD = gnu11;
				GCC_NO_COMMON_BLOCKS = YES;
				GCC_WARN_64_TO_32_BIT_CONVERSION = YES;
				GCC_WARN_ABOUT_RETURN_TYPE = YES_ERROR;
				GCC_WARN_UNDECLARED_SELECTOR = YES;
				GCC_WARN_UNINITIALIZED_AUTOS = YES_AGGRESSIVE;
				GCC_WARN_UNUSED_FUNCTION = YES;
				GCC_WARN_UNUSED_VARIABLE = YES;
				IPHONEOS_DEPLOYMENT_TARGET = 13.5;
				MTL_ENABLE_DEBUG_INFO = NO;
				MTL_FAST_MATH = YES;
				SDKROOT = iphoneos;
				SWIFT_COMPILATION_MODE = wholemodule;
				SWIFT_OPTIMIZATION_LEVEL = "-O";
				VALIDATE_PRODUCT = YES;
			};
			name = Release;
		};
		8CE2C77F24DD8EF100E0F253 /* Debug */ = {
			isa = XCBuildConfiguration;
			buildSettings = {
				ASSETCATALOG_COMPILER_APPICON_NAME = AppIcon;
				CODE_SIGN_STYLE = Automatic;
				DEVELOPMENT_TEAM = 73KBJ565NR;
				INFOPLIST_FILE = GenericForm/Info.plist;
				LD_RUNPATH_SEARCH_PATHS = (
					"$(inherited)",
					"@executable_path/Frameworks",
				);
				PRODUCT_BUNDLE_IDENTIFIER = com.example.GenericForm;
				PRODUCT_NAME = "$(TARGET_NAME)";
				SWIFT_VERSION = 5.0;
				TARGETED_DEVICE_FAMILY = "1,2";
			};
			name = Debug;
		};
		8CE2C78024DD8EF100E0F253 /* Release */ = {
			isa = XCBuildConfiguration;
			buildSettings = {
				ASSETCATALOG_COMPILER_APPICON_NAME = AppIcon;
				CODE_SIGN_STYLE = Automatic;
				DEVELOPMENT_TEAM = 73KBJ565NR;
				INFOPLIST_FILE = GenericForm/Info.plist;
				LD_RUNPATH_SEARCH_PATHS = (
					"$(inherited)",
					"@executable_path/Frameworks",
				);
				PRODUCT_BUNDLE_IDENTIFIER = com.example.GenericForm;
				PRODUCT_NAME = "$(TARGET_NAME)";
				SWIFT_VERSION = 5.0;
				TARGETED_DEVICE_FAMILY = "1,2";
			};
			name = Release;
		};
		8CE2C78224DD8EF100E0F253 /* Debug */ = {
			isa = XCBuildConfiguration;
			buildSettings = {
				ALWAYS_EMBED_SWIFT_STANDARD_LIBRARIES = YES;
				BUNDLE_LOADER = "$(TEST_HOST)";
				CODE_SIGN_STYLE = Automatic;
				DEVELOPMENT_TEAM = 73KBJ565NR;
				INFOPLIST_FILE = GenericFormTests/Info.plist;
				IPHONEOS_DEPLOYMENT_TARGET = 13.5;
				LD_RUNPATH_SEARCH_PATHS = (
					"$(inherited)",
					"@executable_path/Frameworks",
					"@loader_path/Frameworks",
				);
				PRODUCT_BUNDLE_IDENTIFIER = com.example.GenericFormTests;
				PRODUCT_NAME = "$(TARGET_NAME)";
				SWIFT_VERSION = 5.0;
				TARGETED_DEVICE_FAMILY = "1,2";
				TEST_HOST = "$(BUILT_PRODUCTS_DIR)/GenericForm.app/GenericForm";
			};
			name = Debug;
		};
		8CE2C78324DD8EF100E0F253 /* Release */ = {
			isa = XCBuildConfiguration;
			buildSettings = {
				ALWAYS_EMBED_SWIFT_STANDARD_LIBRARIES = YES;
				BUNDLE_LOADER = "$(TEST_HOST)";
				CODE_SIGN_STYLE = Automatic;
				DEVELOPMENT_TEAM = 73KBJ565NR;
				INFOPLIST_FILE = GenericFormTests/Info.plist;
				IPHONEOS_DEPLOYMENT_TARGET = 13.5;
				LD_RUNPATH_SEARCH_PATHS = (
					"$(inherited)",
					"@executable_path/Frameworks",
					"@loader_path/Frameworks",
				);
				PRODUCT_BUNDLE_IDENTIFIER = com.example.GenericFormTests;
				PRODUCT_NAME = "$(TARGET_NAME)";
				SWIFT_VERSION = 5.0;
				TARGETED_DEVICE_FAMILY = "1,2";
				TEST_HOST = "$(BUILT_PRODUCTS_DIR)/GenericForm.app/GenericForm";
			};
			name = Release;
		};
		8CE2C78524DD8EF100E0F253 /* Debug */ = {
			isa = XCBuildConfiguration;
			buildSettings = {
				ALWAYS_EMBED_SWIFT_STANDARD_LIBRARIES = YES;
				CODE_SIGN_STYLE = Automatic;
				DEVELOPMENT_TEAM = 73KBJ565NR;
				INFOPLIST_FILE = GenericFormUITests/Info.plist;
				LD_RUNPATH_SEARCH_PATHS = (
					"$(inherited)",
					"@executable_path/Frameworks",
					"@loader_path/Frameworks",
				);
				PRODUCT_BUNDLE_IDENTIFIER = com.example.GenericFormUITests;
				PRODUCT_NAME = "$(TARGET_NAME)";
				SWIFT_VERSION = 5.0;
				TARGETED_DEVICE_FAMILY = "1,2";
				TEST_TARGET_NAME = GenericForm;
			};
			name = Debug;
		};
		8CE2C78624DD8EF100E0F253 /* Release */ = {
			isa = XCBuildConfiguration;
			buildSettings = {
				ALWAYS_EMBED_SWIFT_STANDARD_LIBRARIES = YES;
				CODE_SIGN_STYLE = Automatic;
				DEVELOPMENT_TEAM = 73KBJ565NR;
				INFOPLIST_FILE = GenericFormUITests/Info.plist;
				LD_RUNPATH_SEARCH_PATHS = (
					"$(inherited)",
					"@executable_path/Frameworks",
					"@loader_path/Frameworks",
				);
				PRODUCT_BUNDLE_IDENTIFIER = com.example.GenericFormUITests;
				PRODUCT_NAME = "$(TARGET_NAME)";
				SWIFT_VERSION = 5.0;
				TARGETED_DEVICE_FAMILY = "1,2";
				TEST_TARGET_NAME = GenericForm;
			};
			name = Release;
		};
/* End XCBuildConfiguration section */

/* Begin XCConfigurationList section */
		8CE2C74F24DD8EF000E0F253 /* Build configuration list for PBXProject "GenericForm" */ = {
			isa = XCConfigurationList;
			buildConfigurations = (
				8CE2C77C24DD8EF100E0F253 /* Debug */,
				8CE2C77D24DD8EF100E0F253 /* Release */,
			);
			defaultConfigurationIsVisible = 0;
			defaultConfigurationName = Release;
		};
		8CE2C77E24DD8EF100E0F253 /* Build configuration list for PBXNativeTarget "GenericForm" */ = {
			isa = XCConfigurationList;
			buildConfigurations = (
				8CE2C77F24DD8EF100E0F253 /* Debug */,
				8CE2C78024DD8EF100E0F253 /* Release */,
			);
			defaultConfigurationIsVisible = 0;
			defaultConfigurationName = Release;
		};
		8CE2C78124DD8EF100E0F253 /* Build configuration list for PBXNativeTarget "GenericFormTests" */ = {
			isa = XCConfigurationList;
			buildConfigurations = (
				8CE2C78224DD8EF100E0F253 /* Debug */,
				8CE2C78324DD8EF100E0F253 /* Release */,
			);
			defaultConfigurationIsVisible = 0;
			defaultConfigurationName = Release;
		};
		8CE2C78424DD8EF100E0F253 /* Build configuration list for PBXNativeTarget "GenericFormUITests" */ = {
			isa = XCConfigurationList;
			buildConfigurations = (
				8CE2C78524DD8EF100E0F253 /* Debug */,
				8CE2C78624DD8EF100E0F253 /* Release */,
			);
			defaultConfigurationIsVisible = 0;
			defaultConfigurationName = Release;
		};
/* End XCConfigurationList section */
	};
	rootObject = 8CE2C74C24DD8EF000E0F253 /* Project object */;
}
